
Microsoft Visual Studio Solution File, Format Version 12.00
# Visual Studio Version 16
VisualStudioVersion = 16.0.29920.165
MinimumVisualStudioVersion = 10.0.40219.1
Project("{FAE04EC0-301F-11D3-BF4B-00C04F79EFBC}") = "DebianSwitcher", "DebianSwitcher\DebianSwitcher.csproj", "{C03CE17A-FED7-41D3-82CB-341FB794AEAB}"
EndProject
Global
	GlobalSection(SolutionConfigurationPlatforms) = preSolution
		Debug|Any CPU = Debug|Any CPU
		Release|Any CPU = Release|Any CPU
	EndGlobalSection
	GlobalSection(ProjectConfigurationPlatforms) = postSolution
		{C03CE17A-FED7-41D3-82CB-341FB794AEAB}.Debug|Any CPU.ActiveCfg = Debug|Any CPU
		{C03CE17A-FED7-41D3-82CB-341FB794AEAB}.Debug|Any CPU.Build.0 = Debug|Any CPU
		{C03CE17A-FED7-41D3-82CB-341FB794AEAB}.Release|Any CPU.ActiveCfg = Release|Any CPU
		{C03CE17A-FED7-41D3-82CB-341FB794AEAB}.Release|Any CPU.Build.0 = Release|Any CPU
	EndGlobalSection
	GlobalSection(SolutionProperties) = preSolution
		HideSolutionNode = FALSE
	EndGlobalSection
	GlobalSection(ExtensibilityGlobals) = postSolution
		SolutionGuid = {D45CD2E9-DBA7-431F-8A33-48DEEB97B652}
	EndGlobalSection
EndGlobal
